<?xml version="1.0" encoding="UTF-8" standalone="yes" ?>
<CodeBlocks_project_file>
	<FileVersion major="1" minor="6" />
	<Project>
		<Option title="DmxProSender2_linuxarmv6l" />
		<Option makefile_is_custom="1" />
		<Option execution_dir="./" />
		<Option pch_mode="2" />
		<Option compiler="gcc" />
		<Option virtualFolders="addons/;src/;build config/;addons/ofxGui/src/;local_addons/ofxDmx/src/;addons/ofxOsc/src/;addons/ofxOsc/libs/oscpack/src/osc/;addons/ofxOsc/libs/oscpack/src/ip/;addons/ofxOsc/libs/oscpack/src/ip/posix/;" />
		<Build>
			<Target title="Debug">
				<Option output="bin/$(PROJECT_NAME)_debug" prefix_auto="1" extension_auto="1" />
				<Option working_dir="bin" />
				<Option object_output="obj/Debug/" />
				<Option external_deps="../../../../openFrameworksM/openFrameworksM/openFrameworksM/libs/openFrameworksCompiled/lib/linux64/libopenFrameworksDebug.a;" />
				<Option type="1" />
				<Option compiler="gcc" />
				<Option projectLinkerOptionsRelation="2" />
			</Target>
			<Target title="Release">
				<Option output="bin/$(PROJECT_NAME)" prefix_auto="1" extension_auto="1" />
				<Option working_dir="bin" />
				<Option object_output="obj/Release/" />
				<Option external_deps="../../../../openFrameworksM/openFrameworksM/openFrameworksM/libs/openFrameworksCompiled/lib/linux64/libopenFrameworks.a;" />
				<Option type="1" />
				<Option compiler="gcc" />
				<Option projectLinkerOptionsRelation="2" />
			</Target>
		</Build>
		<ExtraCommands>
			<Add before='[[ OF_APPNAME &lt;- IO.ExecuteAndGetOutputAndError(_T(&quot;make -n print-APPNAME&quot;),true); ]]' />
			<Add before='[[ OF_APPNAME = OF_APPNAME.AfterLast( _T(&quot;=&quot;)); ]]' />
			<Add before='[[ OF_APPNAME = OF_APPNAME.BeforeLast( _T(&quot;\n&quot;)); ]]' />
			<Add before="[[ MODIFIED &lt;-  GetProjectManager().GetActiveProject().GetModified()]]" />
			<Add before="[[ GetProjectManager().GetActiveProject().SetTitle( OF_APPNAME ) ]]" />
		</ExtraCommands>
		<Unit filename="../../../../openFrameworksM/addons/ofxGui/src/ofxBaseGui.cpp">
			<Option virtualFolder="addons/ofxGui/src" />
		</Unit>
		<Unit filename="../../../../openFrameworksM/addons/ofxGui/src/ofxBaseGui.h">
			<Option virtualFolder="addons/ofxGui/src" />
		</Unit>
		<Unit filename="../../../../openFrameworksM/addons/ofxGui/src/ofxButton.cpp">
			<Option virtualFolder="addons/ofxGui/src" />
		</Unit>
		<Unit filename="../../../../openFrameworksM/addons/ofxGui/src/ofxButton.h">
			<Option virtualFolder="addons/ofxGui/src" />
		</Unit>
		<Unit filename="../../../../openFrameworksM/addons/ofxGui/src/ofxColorPicker.cpp">
			<Option virtualFolder="addons/ofxGui/src" />
		</Unit>
		<Unit filename="../../../../openFrameworksM/addons/ofxGui/src/ofxColorPicker.h">
			<Option virtualFolder="addons/ofxGui/src" />
		</Unit>
		<Unit filename="../../../../openFrameworksM/addons/ofxGui/src/ofxGui.h">
			<Option virtualFolder="addons/ofxGui/src" />
		</Unit>
		<Unit filename="../../../../openFrameworksM/addons/ofxGui/src/ofxGuiGroup.cpp">
			<Option virtualFolder="addons/ofxGui/src" />
		</Unit>
		<Unit filename="../../../../openFrameworksM/addons/ofxGui/src/ofxGuiGroup.h">
			<Option virtualFolder="addons/ofxGui/src" />
		</Unit>
		<Unit filename="../../../../openFrameworksM/addons/ofxGui/src/ofxInputField.cpp">
			<Option virtualFolder="addons/ofxGui/src" />
		</Unit>
		<Unit filename="../../../../openFrameworksM/addons/ofxGui/src/ofxInputField.h">
			<Option virtualFolder="addons/ofxGui/src" />
		</Unit>
		<Unit filename="../../../../openFrameworksM/addons/ofxGui/src/ofxLabel.cpp">
			<Option virtualFolder="addons/ofxGui/src" />
		</Unit>
		<Unit filename="../../../../openFrameworksM/addons/ofxGui/src/ofxLabel.h">
			<Option virtualFolder="addons/ofxGui/src" />
		</Unit>
		<Unit filename="../../../../openFrameworksM/addons/ofxGui/src/ofxPanel.cpp">
			<Option virtualFolder="addons/ofxGui/src" />
		</Unit>
		<Unit filename="../../../../openFrameworksM/addons/ofxGui/src/ofxPanel.h">
			<Option virtualFolder="addons/ofxGui/src" />
		</Unit>
		<Unit filename="../../../../openFrameworksM/addons/ofxGui/src/ofxSlider.cpp">
			<Option virtualFolder="addons/ofxGui/src" />
		</Unit>
		<Unit filename="../../../../openFrameworksM/addons/ofxGui/src/ofxSlider.h">
			<Option virtualFolder="addons/ofxGui/src" />
		</Unit>
		<Unit filename="../../../../openFrameworksM/addons/ofxGui/src/ofxSliderGroup.cpp">
			<Option virtualFolder="addons/ofxGui/src" />
		</Unit>
		<Unit filename="../../../../openFrameworksM/addons/ofxGui/src/ofxSliderGroup.h">
			<Option virtualFolder="addons/ofxGui/src" />
		</Unit>
		<Unit filename="../../../../openFrameworksM/addons/ofxGui/src/ofxToggle.cpp">
			<Option virtualFolder="addons/ofxGui/src" />
		</Unit>
		<Unit filename="../../../../openFrameworksM/addons/ofxGui/src/ofxToggle.h">
			<Option virtualFolder="addons/ofxGui/src" />
		</Unit>
		<Unit filename="../../../../openFrameworksM/addons/ofxOsc/libs/oscpack/src/ip/IpEndpointName.cpp">
			<Option virtualFolder="addons/ofxOsc/libs/oscpack/src/ip" />
		</Unit>
		<Unit filename="../../../../openFrameworksM/addons/ofxOsc/libs/oscpack/src/ip/IpEndpointName.h">
			<Option virtualFolder="addons/ofxOsc/libs/oscpack/src/ip" />
		</Unit>
		<Unit filename="../../../../openFrameworksM/addons/ofxOsc/libs/oscpack/src/ip/NetworkingUtils.h">
			<Option virtualFolder="addons/ofxOsc/libs/oscpack/src/ip" />
		</Unit>
		<Unit filename="../../../../openFrameworksM/addons/ofxOsc/libs/oscpack/src/ip/PacketListener.h">
			<Option virtualFolder="addons/ofxOsc/libs/oscpack/src/ip" />
		</Unit>
		<Unit filename="../../../../openFrameworksM/addons/ofxOsc/libs/oscpack/src/ip/TimerListener.h">
			<Option virtualFolder="addons/ofxOsc/libs/oscpack/src/ip" />
		</Unit>
		<Unit filename="../../../../openFrameworksM/addons/ofxOsc/libs/oscpack/src/ip/UdpSocket.h">
			<Option virtualFolder="addons/ofxOsc/libs/oscpack/src/ip" />
		</Unit>
		<Unit filename="../../../../openFrameworksM/addons/ofxOsc/libs/oscpack/src/ip/posix/NetworkingUtils.cpp">
			<Option virtualFolder="addons/ofxOsc/libs/oscpack/src/ip/posix" />
		</Unit>
		<Unit filename="../../../../openFrameworksM/addons/ofxOsc/libs/oscpack/src/ip/posix/UdpSocket.cpp">
			<Option virtualFolder="addons/ofxOsc/libs/oscpack/src/ip/posix" />
		</Unit>
		<Unit filename="../../../../openFrameworksM/addons/ofxOsc/libs/oscpack/src/osc/MessageMappingOscPacketListener.h">
			<Option virtualFolder="addons/ofxOsc/libs/oscpack/src/osc" />
		</Unit>
		<Unit filename="../../../../openFrameworksM/addons/ofxOsc/libs/oscpack/src/osc/OscException.h">
			<Option virtualFolder="addons/ofxOsc/libs/oscpack/src/osc" />
		</Unit>
		<Unit filename="../../../../openFrameworksM/addons/ofxOsc/libs/oscpack/src/osc/OscHostEndianness.h">
			<Option virtualFolder="addons/ofxOsc/libs/oscpack/src/osc" />
		</Unit>
		<Unit filename="../../../../openFrameworksM/addons/ofxOsc/libs/oscpack/src/osc/OscOutboundPacketStream.cpp">
			<Option virtualFolder="addons/ofxOsc/libs/oscpack/src/osc" />
		</Unit>
		<Unit filename="../../../../openFrameworksM/addons/ofxOsc/libs/oscpack/src/osc/OscOutboundPacketStream.h">
			<Option virtualFolder="addons/ofxOsc/libs/oscpack/src/osc" />
		</Unit>
		<Unit filename="../../../../openFrameworksM/addons/ofxOsc/libs/oscpack/src/osc/OscPacketListener.h">
			<Option virtualFolder="addons/ofxOsc/libs/oscpack/src/osc" />
		</Unit>
		<Unit filename="../../../../openFrameworksM/addons/ofxOsc/libs/oscpack/src/osc/OscPrintReceivedElements.cpp">
			<Option virtualFolder="addons/ofxOsc/libs/oscpack/src/osc" />
		</Unit>
		<Unit filename="../../../../openFrameworksM/addons/ofxOsc/libs/oscpack/src/osc/OscPrintReceivedElements.h">
			<Option virtualFolder="addons/ofxOsc/libs/oscpack/src/osc" />
		</Unit>
		<Unit filename="../../../../openFrameworksM/addons/ofxOsc/libs/oscpack/src/osc/OscReceivedElements.cpp">
			<Option virtualFolder="addons/ofxOsc/libs/oscpack/src/osc" />
		</Unit>
		<Unit filename="../../../../openFrameworksM/addons/ofxOsc/libs/oscpack/src/osc/OscReceivedElements.h">
			<Option virtualFolder="addons/ofxOsc/libs/oscpack/src/osc" />
		</Unit>
		<Unit filename="../../../../openFrameworksM/addons/ofxOsc/libs/oscpack/src/osc/OscTypes.cpp">
			<Option virtualFolder="addons/ofxOsc/libs/oscpack/src/osc" />
		</Unit>
		<Unit filename="../../../../openFrameworksM/addons/ofxOsc/libs/oscpack/src/osc/OscTypes.h">
			<Option virtualFolder="addons/ofxOsc/libs/oscpack/src/osc" />
		</Unit>
		<Unit filename="../../../../openFrameworksM/addons/ofxOsc/src/ofxOsc.h">
			<Option virtualFolder="addons/ofxOsc/src" />
		</Unit>
		<Unit filename="../../../../openFrameworksM/addons/ofxOsc/src/ofxOscArg.h">
			<Option virtualFolder="addons/ofxOsc/src" />
		</Unit>
		<Unit filename="../../../../openFrameworksM/addons/ofxOsc/src/ofxOscBundle.cpp">
			<Option virtualFolder="addons/ofxOsc/src" />
		</Unit>
		<Unit filename="../../../../openFrameworksM/addons/ofxOsc/src/ofxOscBundle.h">
			<Option virtualFolder="addons/ofxOsc/src" />
		</Unit>
		<Unit filename="../../../../openFrameworksM/addons/ofxOsc/src/ofxOscMessage.cpp">
			<Option virtualFolder="addons/ofxOsc/src" />
		</Unit>
		<Unit filename="../../../../openFrameworksM/addons/ofxOsc/src/ofxOscMessage.h">
			<Option virtualFolder="addons/ofxOsc/src" />
		</Unit>
		<Unit filename="../../../../openFrameworksM/addons/ofxOsc/src/ofxOscParameterSync.cpp">
			<Option virtualFolder="addons/ofxOsc/src" />
		</Unit>
		<Unit filename="../../../../openFrameworksM/addons/ofxOsc/src/ofxOscParameterSync.h">
			<Option virtualFolder="addons/ofxOsc/src" />
		</Unit>
		<Unit filename="../../../../openFrameworksM/addons/ofxOsc/src/ofxOscReceiver.cpp">
			<Option virtualFolder="addons/ofxOsc/src" />
		</Unit>
		<Unit filename="../../../../openFrameworksM/addons/ofxOsc/src/ofxOscReceiver.h">
			<Option virtualFolder="addons/ofxOsc/src" />
		</Unit>
		<Unit filename="../../../../openFrameworksM/addons/ofxOsc/src/ofxOscSender.cpp">
			<Option virtualFolder="addons/ofxOsc/src" />
		</Unit>
		<Unit filename="../../../../openFrameworksM/addons/ofxOsc/src/ofxOscSender.h">
			<Option virtualFolder="addons/ofxOsc/src" />
		</Unit>
		<Unit filename="../../../../openFrameworksM/openFrameworks/libs/openFrameworks/3d/of3dPrimitives.cpp" />
		<Unit filename="../../../../openFrameworksM/openFrameworks/libs/openFrameworks/3d/of3dPrimitives.h" />
		<Unit filename="../../../../openFrameworksM/openFrameworks/libs/openFrameworks/3d/of3dUtils.cpp" />
		<Unit filename="../../../../openFrameworksM/openFrameworks/libs/openFrameworks/3d/of3dUtils.h" />
		<Unit filename="../../../../openFrameworksM/openFrameworks/libs/openFrameworks/3d/ofCamera.cpp" />
		<Unit filename="../../../../openFrameworksM/openFrameworks/libs/openFrameworks/3d/ofCamera.h" />
		<Unit filename="../../../../openFrameworksM/openFrameworks/libs/openFrameworks/3d/ofEasyCam.cpp" />
		<Unit filename="../../../../openFrameworksM/openFrameworks/libs/openFrameworks/3d/ofEasyCam.h" />
		<Unit filename="../../../../openFrameworksM/openFrameworks/libs/openFrameworks/3d/ofMesh.h" />
		<Unit filename="../../../../openFrameworksM/openFrameworks/libs/openFrameworks/3d/ofNode.cpp" />
		<Unit filename="../../../../openFrameworksM/openFrameworks/libs/openFrameworks/3d/ofNode.h" />
		<Unit filename="../../../../openFrameworksM/openFrameworks/libs/openFrameworks/app/ofAppBaseWindow.h" />
		<Unit filename="../../../../openFrameworksM/openFrameworks/libs/openFrameworks/app/ofAppEGLWindow.cpp" />
		<Unit filename="../../../../openFrameworksM/openFrameworks/libs/openFrameworks/app/ofAppEGLWindow.h" />
		<Unit filename="../../../../openFrameworksM/openFrameworks/libs/openFrameworks/app/ofAppGLFWWindow.cpp" />
		<Unit filename="../../../../openFrameworksM/openFrameworks/libs/openFrameworks/app/ofAppGLFWWindow.h" />
		<Unit filename="../../../../openFrameworksM/openFrameworks/libs/openFrameworks/app/ofAppGlutWindow.cpp" />
		<Unit filename="../../../../openFrameworksM/openFrameworks/libs/openFrameworks/app/ofAppGlutWindow.h" />
		<Unit filename="../../../../openFrameworksM/openFrameworks/libs/openFrameworks/app/ofAppNoWindow.cpp" />
		<Unit filename="../../../../openFrameworksM/openFrameworks/libs/openFrameworks/app/ofAppNoWindow.h" />
		<Unit filename="../../../../openFrameworksM/openFrameworks/libs/openFrameworks/app/ofAppRunner.cpp" />
		<Unit filename="../../../../openFrameworksM/openFrameworks/libs/openFrameworks/app/ofAppRunner.h" />
		<Unit filename="../../../../openFrameworksM/openFrameworks/libs/openFrameworks/app/ofBaseApp.cpp" />
		<Unit filename="../../../../openFrameworksM/openFrameworks/libs/openFrameworks/app/ofBaseApp.h" />
		<Unit filename="../../../../openFrameworksM/openFrameworks/libs/openFrameworks/app/ofIcon.h" />
		<Unit filename="../../../../openFrameworksM/openFrameworks/libs/openFrameworks/app/ofMainLoop.cpp" />
		<Unit filename="../../../../openFrameworksM/openFrameworks/libs/openFrameworks/app/ofMainLoop.h" />
		<Unit filename="../../../../openFrameworksM/openFrameworks/libs/openFrameworks/app/ofWindowSettings.h" />
		<Unit filename="../../../../openFrameworksM/openFrameworks/libs/openFrameworks/communication/ofArduino.cpp" />
		<Unit filename="../../../../openFrameworksM/openFrameworks/libs/openFrameworks/communication/ofArduino.h" />
		<Unit filename="../../../../openFrameworksM/openFrameworks/libs/openFrameworks/communication/ofSerial.cpp" />
		<Unit filename="../../../../openFrameworksM/openFrameworks/libs/openFrameworks/communication/ofSerial.h" />
		<Unit filename="../../../../openFrameworksM/openFrameworks/libs/openFrameworks/events/ofEvent.h" />
		<Unit filename="../../../../openFrameworksM/openFrameworks/libs/openFrameworks/events/ofEventUtils.h" />
		<Unit filename="../../../../openFrameworksM/openFrameworks/libs/openFrameworks/events/ofEvents.cpp" />
		<Unit filename="../../../../openFrameworksM/openFrameworks/libs/openFrameworks/events/ofEvents.h" />
		<Unit filename="../../../../openFrameworksM/openFrameworks/libs/openFrameworks/gl/ofBufferObject.cpp" />
		<Unit filename="../../../../openFrameworksM/openFrameworks/libs/openFrameworks/gl/ofBufferObject.h" />
		<Unit filename="../../../../openFrameworksM/openFrameworks/libs/openFrameworks/gl/ofFbo.cpp" />
		<Unit filename="../../../../openFrameworksM/openFrameworks/libs/openFrameworks/gl/ofFbo.h" />
		<Unit filename="../../../../openFrameworksM/openFrameworks/libs/openFrameworks/gl/ofGLBaseTypes.h" />
		<Unit filename="../../../../openFrameworksM/openFrameworks/libs/openFrameworks/gl/ofGLProgrammableRenderer.cpp" />
		<Unit filename="../../../../openFrameworksM/openFrameworks/libs/openFrameworks/gl/ofGLProgrammableRenderer.h" />
		<Unit filename="../../../../openFrameworksM/openFrameworks/libs/openFrameworks/gl/ofGLRenderer.cpp" />
		<Unit filename="../../../../openFrameworksM/openFrameworks/libs/openFrameworks/gl/ofGLRenderer.h" />
		<Unit filename="../../../../openFrameworksM/openFrameworks/libs/openFrameworks/gl/ofGLUtils.cpp" />
		<Unit filename="../../../../openFrameworksM/openFrameworks/libs/openFrameworks/gl/ofGLUtils.h" />
		<Unit filename="../../../../openFrameworksM/openFrameworks/libs/openFrameworks/gl/ofLight.cpp" />
		<Unit filename="../../../../openFrameworksM/openFrameworks/libs/openFrameworks/gl/ofLight.h" />
		<Unit filename="../../../../openFrameworksM/openFrameworks/libs/openFrameworks/gl/ofMaterial.cpp" />
		<Unit filename="../../../../openFrameworksM/openFrameworks/libs/openFrameworks/gl/ofMaterial.h" />
		<Unit filename="../../../../openFrameworksM/openFrameworks/libs/openFrameworks/gl/ofShader.cpp" />
		<Unit filename="../../../../openFrameworksM/openFrameworks/libs/openFrameworks/gl/ofShader.h" />
		<Unit filename="../../../../openFrameworksM/openFrameworks/libs/openFrameworks/gl/ofTexture.cpp" />
		<Unit filename="../../../../openFrameworksM/openFrameworks/libs/openFrameworks/gl/ofTexture.h" />
		<Unit filename="../../../../openFrameworksM/openFrameworks/libs/openFrameworks/gl/ofVbo.cpp" />
		<Unit filename="../../../../openFrameworksM/openFrameworks/libs/openFrameworks/gl/ofVbo.h" />
		<Unit filename="../../../../openFrameworksM/openFrameworks/libs/openFrameworks/gl/ofVboMesh.cpp" />
		<Unit filename="../../../../openFrameworksM/openFrameworks/libs/openFrameworks/gl/ofVboMesh.h" />
		<Unit filename="../../../../openFrameworksM/openFrameworks/libs/openFrameworks/graphics/of3dGraphics.cpp" />
		<Unit filename="../../../../openFrameworksM/openFrameworks/libs/openFrameworks/graphics/of3dGraphics.h" />
		<Unit filename="../../../../openFrameworksM/openFrameworks/libs/openFrameworks/graphics/ofBitmapFont.cpp" />
		<Unit filename="../../../../openFrameworksM/openFrameworks/libs/openFrameworks/graphics/ofBitmapFont.h" />
		<Unit filename="../../../../openFrameworksM/openFrameworks/libs/openFrameworks/graphics/ofCairoRenderer.cpp" />
		<Unit filename="../../../../openFrameworksM/openFrameworks/libs/openFrameworks/graphics/ofCairoRenderer.h" />
		<Unit filename="../../../../openFrameworksM/openFrameworks/libs/openFrameworks/graphics/ofGraphics.cpp" />
		<Unit filename="../../../../openFrameworksM/openFrameworks/libs/openFrameworks/graphics/ofGraphics.h" />
		<Unit filename="../../../../openFrameworksM/openFrameworks/libs/openFrameworks/graphics/ofGraphicsBaseTypes.cpp" />
		<Unit filename="../../../../openFrameworksM/openFrameworks/libs/openFrameworks/graphics/ofGraphicsBaseTypes.h" />
		<Unit filename="../../../../openFrameworksM/openFrameworks/libs/openFrameworks/graphics/ofGraphicsConstants.h" />
		<Unit filename="../../../../openFrameworksM/openFrameworks/libs/openFrameworks/graphics/ofImage.cpp" />
		<Unit filename="../../../../openFrameworksM/openFrameworks/libs/openFrameworks/graphics/ofImage.h" />
		<Unit filename="../../../../openFrameworksM/openFrameworks/libs/openFrameworks/graphics/ofPath.cpp" />
		<Unit filename="../../../../openFrameworksM/openFrameworks/libs/openFrameworks/graphics/ofPath.h" />
		<Unit filename="../../../../openFrameworksM/openFrameworks/libs/openFrameworks/graphics/ofPixels.cpp" />
		<Unit filename="../../../../openFrameworksM/openFrameworks/libs/openFrameworks/graphics/ofPixels.h" />
		<Unit filename="../../../../openFrameworksM/openFrameworks/libs/openFrameworks/graphics/ofPolyline.h" />
		<Unit filename="../../../../openFrameworksM/openFrameworks/libs/openFrameworks/graphics/ofRendererCollection.cpp" />
		<Unit filename="../../../../openFrameworksM/openFrameworks/libs/openFrameworks/graphics/ofRendererCollection.h" />
		<Unit filename="../../../../openFrameworksM/openFrameworks/libs/openFrameworks/graphics/ofTessellator.cpp" />
		<Unit filename="../../../../openFrameworksM/openFrameworks/libs/openFrameworks/graphics/ofTessellator.h" />
		<Unit filename="../../../../openFrameworksM/openFrameworks/libs/openFrameworks/graphics/ofTrueTypeFont.cpp" />
		<Unit filename="../../../../openFrameworksM/openFrameworks/libs/openFrameworks/graphics/ofTrueTypeFont.h" />
		<Unit filename="../../../../openFrameworksM/openFrameworks/libs/openFrameworks/math/ofMath.cpp" />
		<Unit filename="../../../../openFrameworksM/openFrameworks/libs/openFrameworks/math/ofMath.h" />
		<Unit filename="../../../../openFrameworksM/openFrameworks/libs/openFrameworks/math/ofMathConstants.h" />
		<Unit filename="../../../../openFrameworksM/openFrameworks/libs/openFrameworks/math/ofMatrix3x3.cpp" />
		<Unit filename="../../../../openFrameworksM/openFrameworks/libs/openFrameworks/math/ofMatrix3x3.h" />
		<Unit filename="../../../../openFrameworksM/openFrameworks/libs/openFrameworks/math/ofMatrix4x4.cpp" />
		<Unit filename="../../../../openFrameworksM/openFrameworks/libs/openFrameworks/math/ofMatrix4x4.h" />
		<Unit filename="../../../../openFrameworksM/openFrameworks/libs/openFrameworks/math/ofQuaternion.cpp" />
		<Unit filename="../../../../openFrameworksM/openFrameworks/libs/openFrameworks/math/ofQuaternion.h" />
		<Unit filename="../../../../openFrameworksM/openFrameworks/libs/openFrameworks/math/ofVec2f.cpp" />
		<Unit filename="../../../../openFrameworksM/openFrameworks/libs/openFrameworks/math/ofVec2f.h" />
		<Unit filename="../../../../openFrameworksM/openFrameworks/libs/openFrameworks/math/ofVec3f.h" />
		<Unit filename="../../../../openFrameworksM/openFrameworks/libs/openFrameworks/math/ofVec4f.cpp" />
		<Unit filename="../../../../openFrameworksM/openFrameworks/libs/openFrameworks/math/ofVec4f.h" />
		<Unit filename="../../../../openFrameworksM/openFrameworks/libs/openFrameworks/math/ofVectorMath.h" />
		<Unit filename="../../../../openFrameworksM/openFrameworks/libs/openFrameworks/ofMain.h" />
		<Unit filename="../../../../openFrameworksM/openFrameworks/libs/openFrameworks/sound/ofFmodSoundPlayer.cpp" />
		<Unit filename="../../../../openFrameworksM/openFrameworks/libs/openFrameworks/sound/ofFmodSoundPlayer.h" />
		<Unit filename="../../../../openFrameworksM/openFrameworks/libs/openFrameworks/sound/ofOpenALSoundPlayer.cpp" />
		<Unit filename="../../../../openFrameworksM/openFrameworks/libs/openFrameworks/sound/ofOpenALSoundPlayer.h" />
		<Unit filename="../../../../openFrameworksM/openFrameworks/libs/openFrameworks/sound/ofRtAudioSoundStream.cpp" />
		<Unit filename="../../../../openFrameworksM/openFrameworks/libs/openFrameworks/sound/ofRtAudioSoundStream.h" />
		<Unit filename="../../../../openFrameworksM/openFrameworks/libs/openFrameworks/sound/ofSoundBaseTypes.cpp" />
		<Unit filename="../../../../openFrameworksM/openFrameworks/libs/openFrameworks/sound/ofSoundBaseTypes.h" />
		<Unit filename="../../../../openFrameworksM/openFrameworks/libs/openFrameworks/sound/ofSoundBuffer.cpp" />
		<Unit filename="../../../../openFrameworksM/openFrameworks/libs/openFrameworks/sound/ofSoundBuffer.h" />
		<Unit filename="../../../../openFrameworksM/openFrameworks/libs/openFrameworks/sound/ofSoundPlayer.cpp" />
		<Unit filename="../../../../openFrameworksM/openFrameworks/libs/openFrameworks/sound/ofSoundPlayer.h" />
		<Unit filename="../../../../openFrameworksM/openFrameworks/libs/openFrameworks/sound/ofSoundStream.cpp" />
		<Unit filename="../../../../openFrameworksM/openFrameworks/libs/openFrameworks/sound/ofSoundStream.h" />
		<Unit filename="../../../../openFrameworksM/openFrameworks/libs/openFrameworks/sound/ofSoundUtils.h" />
		<Unit filename="../../../../openFrameworksM/openFrameworks/libs/openFrameworks/types/ofBaseTypes.cpp" />
		<Unit filename="../../../../openFrameworksM/openFrameworks/libs/openFrameworks/types/ofBaseTypes.h" />
		<Unit filename="../../../../openFrameworksM/openFrameworks/libs/openFrameworks/types/ofColor.cpp" />
		<Unit filename="../../../../openFrameworksM/openFrameworks/libs/openFrameworks/types/ofColor.h" />
		<Unit filename="../../../../openFrameworksM/openFrameworks/libs/openFrameworks/types/ofParameter.cpp" />
		<Unit filename="../../../../openFrameworksM/openFrameworks/libs/openFrameworks/types/ofParameter.h" />
		<Unit filename="../../../../openFrameworksM/openFrameworks/libs/openFrameworks/types/ofParameterGroup.cpp" />
		<Unit filename="../../../../openFrameworksM/openFrameworks/libs/openFrameworks/types/ofParameterGroup.h" />
		<Unit filename="../../../../openFrameworksM/openFrameworks/libs/openFrameworks/types/ofPoint.h" />
		<Unit filename="../../../../openFrameworksM/openFrameworks/libs/openFrameworks/types/ofRectangle.cpp" />
		<Unit filename="../../../../openFrameworksM/openFrameworks/libs/openFrameworks/types/ofRectangle.h" />
		<Unit filename="../../../../openFrameworksM/openFrameworks/libs/openFrameworks/types/ofTypes.h" />
		<Unit filename="../../../../openFrameworksM/openFrameworks/libs/openFrameworks/utils/ofConstants.h" />
		<Unit filename="../../../../openFrameworksM/openFrameworks/libs/openFrameworks/utils/ofFileUtils.cpp" />
		<Unit filename="../../../../openFrameworksM/openFrameworks/libs/openFrameworks/utils/ofFileUtils.h" />
		<Unit filename="../../../../openFrameworksM/openFrameworks/libs/openFrameworks/utils/ofFpsCounter.cpp" />
		<Unit filename="../../../../openFrameworksM/openFrameworks/libs/openFrameworks/utils/ofFpsCounter.h" />
		<Unit filename="../../../../openFrameworksM/openFrameworks/libs/openFrameworks/utils/ofJson.h" />
		<Unit filename="../../../../openFrameworksM/openFrameworks/libs/openFrameworks/utils/ofLog.cpp" />
		<Unit filename="../../../../openFrameworksM/openFrameworks/libs/openFrameworks/utils/ofLog.h" />
		<Unit filename="../../../../openFrameworksM/openFrameworks/libs/openFrameworks/utils/ofMatrixStack.cpp" />
		<Unit filename="../../../../openFrameworksM/openFrameworks/libs/openFrameworks/utils/ofMatrixStack.h" />
		<Unit filename="../../../../openFrameworksM/openFrameworks/libs/openFrameworks/utils/ofNoise.h" />
		<Unit filename="../../../../openFrameworksM/openFrameworks/libs/openFrameworks/utils/ofSystemUtils.cpp" />
		<Unit filename="../../../../openFrameworksM/openFrameworks/libs/openFrameworks/utils/ofSystemUtils.h" />
		<Unit filename="../../../../openFrameworksM/openFrameworks/libs/openFrameworks/utils/ofThread.cpp" />
		<Unit filename="../../../../openFrameworksM/openFrameworks/libs/openFrameworks/utils/ofThread.h" />
		<Unit filename="../../../../openFrameworksM/openFrameworks/libs/openFrameworks/utils/ofThreadChannel.h" />
		<Unit filename="../../../../openFrameworksM/openFrameworks/libs/openFrameworks/utils/ofTimer.cpp" />
		<Unit filename="../../../../openFrameworksM/openFrameworks/libs/openFrameworks/utils/ofTimer.h" />
		<Unit filename="../../../../openFrameworksM/openFrameworks/libs/openFrameworks/utils/ofURLFileLoader.cpp" />
		<Unit filename="../../../../openFrameworksM/openFrameworks/libs/openFrameworks/utils/ofURLFileLoader.h" />
		<Unit filename="../../../../openFrameworksM/openFrameworks/libs/openFrameworks/utils/ofUtils.cpp" />
		<Unit filename="../../../../openFrameworksM/openFrameworks/libs/openFrameworks/utils/ofUtils.h" />
		<Unit filename="../../../../openFrameworksM/openFrameworks/libs/openFrameworks/utils/ofXml.cpp" />
		<Unit filename="../../../../openFrameworksM/openFrameworks/libs/openFrameworks/utils/ofXml.h" />
		<Unit filename="../../../../openFrameworksM/openFrameworks/libs/openFrameworks/video/ofAVFoundationGrabber.h" />
		<Unit filename="../../../../openFrameworksM/openFrameworks/libs/openFrameworks/video/ofAVFoundationPlayer.h" />
		<Unit filename="../../../../openFrameworksM/openFrameworks/libs/openFrameworks/video/ofAVFoundationVideoPlayer.h" />
		<Unit filename="../../../../openFrameworksM/openFrameworks/libs/openFrameworks/video/ofDirectShowGrabber.cpp" />
		<Unit filename="../../../../openFrameworksM/openFrameworks/libs/openFrameworks/video/ofDirectShowGrabber.h" />
		<Unit filename="../../../../openFrameworksM/openFrameworks/libs/openFrameworks/video/ofDirectShowPlayer.cpp" />
		<Unit filename="../../../../openFrameworksM/openFrameworks/libs/openFrameworks/video/ofDirectShowPlayer.h" />
		<Unit filename="../../../../openFrameworksM/openFrameworks/libs/openFrameworks/video/ofGstUtils.cpp" />
		<Unit filename="../../../../openFrameworksM/openFrameworks/libs/openFrameworks/video/ofGstUtils.h" />
		<Unit filename="../../../../openFrameworksM/openFrameworks/libs/openFrameworks/video/ofGstVideoGrabber.cpp" />
		<Unit filename="../../../../openFrameworksM/openFrameworks/libs/openFrameworks/video/ofGstVideoGrabber.h" />
		<Unit filename="../../../../openFrameworksM/openFrameworks/libs/openFrameworks/video/ofGstVideoPlayer.cpp" />
		<Unit filename="../../../../openFrameworksM/openFrameworks/libs/openFrameworks/video/ofGstVideoPlayer.h" />
		<Unit filename="../../../../openFrameworksM/openFrameworks/libs/openFrameworks/video/ofQTKitGrabber.h" />
		<Unit filename="../../../../openFrameworksM/openFrameworks/libs/openFrameworks/video/ofQTKitMovieRenderer.h" />
		<Unit filename="../../../../openFrameworksM/openFrameworks/libs/openFrameworks/video/ofQTKitPlayer.h" />
		<Unit filename="../../../../openFrameworksM/openFrameworks/libs/openFrameworks/video/ofQtUtils.cpp" />
		<Unit filename="../../../../openFrameworksM/openFrameworks/libs/openFrameworks/video/ofQtUtils.h" />
		<Unit filename="../../../../openFrameworksM/openFrameworks/libs/openFrameworks/video/ofQuickTimeGrabber.cpp" />
		<Unit filename="../../../../openFrameworksM/openFrameworks/libs/openFrameworks/video/ofQuickTimeGrabber.h" />
		<Unit filename="../../../../openFrameworksM/openFrameworks/libs/openFrameworks/video/ofQuickTimePlayer.cpp" />
		<Unit filename="../../../../openFrameworksM/openFrameworks/libs/openFrameworks/video/ofQuickTimePlayer.h" />
		<Unit filename="../../../../openFrameworksM/openFrameworks/libs/openFrameworks/video/ofVideoBaseTypes.h" />
		<Unit filename="../../../../openFrameworksM/openFrameworks/libs/openFrameworks/video/ofVideoGrabber.cpp" />
		<Unit filename="../../../../openFrameworksM/openFrameworks/libs/openFrameworks/video/ofVideoGrabber.h" />
		<Unit filename="../../../../openFrameworksM/openFrameworks/libs/openFrameworks/video/ofVideoPlayer.cpp" />
		<Unit filename="../../../../openFrameworksM/openFrameworks/libs/openFrameworks/video/ofVideoPlayer.h" />
		<Unit filename="../../../../openFrameworksM/openFrameworksM/addons/ofxGui/src/ofxBaseGui.cpp">
			<Option virtualFolder="addons/ofxGui/src" />
		</Unit>
		<Unit filename="../../../../openFrameworksM/openFrameworksM/addons/ofxGui/src/ofxBaseGui.h">
			<Option virtualFolder="addons/ofxGui/src" />
		</Unit>
		<Unit filename="../../../../openFrameworksM/openFrameworksM/addons/ofxGui/src/ofxButton.cpp">
			<Option virtualFolder="addons/ofxGui/src" />
		</Unit>
		<Unit filename="../../../../openFrameworksM/openFrameworksM/addons/ofxGui/src/ofxButton.h">
			<Option virtualFolder="addons/ofxGui/src" />
		</Unit>
		<Unit filename="../../../../openFrameworksM/openFrameworksM/addons/ofxGui/src/ofxColorPicker.cpp">
			<Option virtualFolder="addons/ofxGui/src" />
		</Unit>
		<Unit filename="../../../../openFrameworksM/openFrameworksM/addons/ofxGui/src/ofxColorPicker.h">
			<Option virtualFolder="addons/ofxGui/src" />
		</Unit>
		<Unit filename="../../../../openFrameworksM/openFrameworksM/addons/ofxGui/src/ofxGui.h">
			<Option virtualFolder="addons/ofxGui/src" />
		</Unit>
		<Unit filename="../../../../openFrameworksM/openFrameworksM/addons/ofxGui/src/ofxGuiGroup.cpp">
			<Option virtualFolder="addons/ofxGui/src" />
		</Unit>
		<Unit filename="../../../../openFrameworksM/openFrameworksM/addons/ofxGui/src/ofxGuiGroup.h">
			<Option virtualFolder="addons/ofxGui/src" />
		</Unit>
		<Unit filename="../../../../openFrameworksM/openFrameworksM/addons/ofxGui/src/ofxInputField.cpp">
			<Option virtualFolder="addons/ofxGui/src" />
		</Unit>
		<Unit filename="../../../../openFrameworksM/openFrameworksM/addons/ofxGui/src/ofxInputField.h">
			<Option virtualFolder="addons/ofxGui/src" />
		</Unit>
		<Unit filename="../../../../openFrameworksM/openFrameworksM/addons/ofxGui/src/ofxLabel.cpp">
			<Option virtualFolder="addons/ofxGui/src" />
		</Unit>
		<Unit filename="../../../../openFrameworksM/openFrameworksM/addons/ofxGui/src/ofxLabel.h">
			<Option virtualFolder="addons/ofxGui/src" />
		</Unit>
		<Unit filename="../../../../openFrameworksM/openFrameworksM/addons/ofxGui/src/ofxPanel.cpp">
			<Option virtualFolder="addons/ofxGui/src" />
		</Unit>
		<Unit filename="../../../../openFrameworksM/openFrameworksM/addons/ofxGui/src/ofxPanel.h">
			<Option virtualFolder="addons/ofxGui/src" />
		</Unit>
		<Unit filename="../../../../openFrameworksM/openFrameworksM/addons/ofxGui/src/ofxSlider.cpp">
			<Option virtualFolder="addons/ofxGui/src" />
		</Unit>
		<Unit filename="../../../../openFrameworksM/openFrameworksM/addons/ofxGui/src/ofxSlider.h">
			<Option virtualFolder="addons/ofxGui/src" />
		</Unit>
		<Unit filename="../../../../openFrameworksM/openFrameworksM/addons/ofxGui/src/ofxSliderGroup.cpp">
			<Option virtualFolder="addons/ofxGui/src" />
		</Unit>
		<Unit filename="../../../../openFrameworksM/openFrameworksM/addons/ofxGui/src/ofxSliderGroup.h">
			<Option virtualFolder="addons/ofxGui/src" />
		</Unit>
		<Unit filename="../../../../openFrameworksM/openFrameworksM/addons/ofxGui/src/ofxToggle.cpp">
			<Option virtualFolder="addons/ofxGui/src" />
		</Unit>
		<Unit filename="../../../../openFrameworksM/openFrameworksM/addons/ofxGui/src/ofxToggle.h">
			<Option virtualFolder="addons/ofxGui/src" />
		</Unit>
		<Unit filename="../../../../openFrameworksM/openFrameworksM/openFrameworksM/addons/ofxGui/src/ofxBaseGui.cpp">
			<Option virtualFolder="addons/ofxGui/src" />
		</Unit>
		<Unit filename="../../../../openFrameworksM/openFrameworksM/openFrameworksM/addons/ofxGui/src/ofxBaseGui.h">
			<Option virtualFolder="addons/ofxGui/src" />
		</Unit>
		<Unit filename="../../../../openFrameworksM/openFrameworksM/openFrameworksM/addons/ofxGui/src/ofxButton.cpp">
			<Option virtualFolder="addons/ofxGui/src" />
		</Unit>
		<Unit filename="../../../../openFrameworksM/openFrameworksM/openFrameworksM/addons/ofxGui/src/ofxButton.h">
			<Option virtualFolder="addons/ofxGui/src" />
		</Unit>
		<Unit filename="../../../../openFrameworksM/openFrameworksM/openFrameworksM/addons/ofxGui/src/ofxColorPicker.cpp">
			<Option virtualFolder="addons/ofxGui/src" />
		</Unit>
		<Unit filename="../../../../openFrameworksM/openFrameworksM/openFrameworksM/addons/ofxGui/src/ofxColorPicker.h">
			<Option virtualFolder="addons/ofxGui/src" />
		</Unit>
		<Unit filename="../../../../openFrameworksM/openFrameworksM/openFrameworksM/addons/ofxGui/src/ofxGui.h">
			<Option virtualFolder="addons/ofxGui/src" />
		</Unit>
		<Unit filename="../../../../openFrameworksM/openFrameworksM/openFrameworksM/addons/ofxGui/src/ofxGuiGroup.cpp">
			<Option virtualFolder="addons/ofxGui/src" />
		</Unit>
		<Unit filename="../../../../openFrameworksM/openFrameworksM/openFrameworksM/addons/ofxGui/src/ofxGuiGroup.h">
			<Option virtualFolder="addons/ofxGui/src" />
		</Unit>
		<Unit filename="../../../../openFrameworksM/openFrameworksM/openFrameworksM/addons/ofxGui/src/ofxInputField.cpp">
			<Option virtualFolder="addons/ofxGui/src" />
		</Unit>
		<Unit filename="../../../../openFrameworksM/openFrameworksM/openFrameworksM/addons/ofxGui/src/ofxInputField.h">
			<Option virtualFolder="addons/ofxGui/src" />
		</Unit>
		<Unit filename="../../../../openFrameworksM/openFrameworksM/openFrameworksM/addons/ofxGui/src/ofxLabel.cpp">
			<Option virtualFolder="addons/ofxGui/src" />
		</Unit>
		<Unit filename="../../../../openFrameworksM/openFrameworksM/openFrameworksM/addons/ofxGui/src/ofxLabel.h">
			<Option virtualFolder="addons/ofxGui/src" />
		</Unit>
		<Unit filename="../../../../openFrameworksM/openFrameworksM/openFrameworksM/addons/ofxGui/src/ofxPanel.cpp">
			<Option virtualFolder="addons/ofxGui/src" />
		</Unit>
		<Unit filename="../../../../openFrameworksM/openFrameworksM/openFrameworksM/addons/ofxGui/src/ofxPanel.h">
			<Option virtualFolder="addons/ofxGui/src" />
		</Unit>
		<Unit filename="../../../../openFrameworksM/openFrameworksM/openFrameworksM/addons/ofxGui/src/ofxSlider.cpp">
			<Option virtualFolder="addons/ofxGui/src" />
		</Unit>
		<Unit filename="../../../../openFrameworksM/openFrameworksM/openFrameworksM/addons/ofxGui/src/ofxSlider.h">
			<Option virtualFolder="addons/ofxGui/src" />
		</Unit>
		<Unit filename="../../../../openFrameworksM/openFrameworksM/openFrameworksM/addons/ofxGui/src/ofxSliderGroup.cpp">
			<Option virtualFolder="addons/ofxGui/src" />
		</Unit>
		<Unit filename="../../../../openFrameworksM/openFrameworksM/openFrameworksM/addons/ofxGui/src/ofxSliderGroup.h">
			<Option virtualFolder="addons/ofxGui/src" />
		</Unit>
		<Unit filename="../../../../openFrameworksM/openFrameworksM/openFrameworksM/addons/ofxGui/src/ofxToggle.cpp">
			<Option virtualFolder="addons/ofxGui/src" />
		</Unit>
		<Unit filename="../../../../openFrameworksM/openFrameworksM/openFrameworksM/addons/ofxGui/src/ofxToggle.h">
			<Option virtualFolder="addons/ofxGui/src" />
		</Unit>
		<Unit filename="../src/ofxDmx.cpp">
			<Option virtualFolder="local_addons/ofxDmx/src" />
		</Unit>
		<Unit filename="../src/ofxDmx.h">
			<Option virtualFolder="local_addons/ofxDmx/src" />
		</Unit>
		<Unit filename="Makefile">
			<Option virtualFolder="build config/" />
		</Unit>
		<Unit filename="addons.make">
			<Option virtualFolder="build config/" />
		</Unit>
		<Unit filename="config.make">
			<Option virtualFolder="build config" />
		</Unit>
		<Unit filename="src/gpio.h">
			<Option virtualFolder="src/" />
		</Unit>
		<Unit filename="src/main.cpp">
			<Option virtualFolder="src/" />
		</Unit>
		<Unit filename="src/ofApp.cpp">
			<Option virtualFolder="src/" />
		</Unit>
		<Unit filename="src/ofApp.cpp.bak">
			<Option virtualFolder="src" />
		</Unit>
		<Unit filename="src/ofApp.h">
			<Option virtualFolder="src/" />
		</Unit>
		<Unit filename="src/ofApp.h.bak">
			<Option virtualFolder="src" />
		</Unit>
		<Extensions>
			<code_completion />
			<envvars />
			<debugger />
		</Extensions>
	</Project>
</CodeBlocks_project_file>
